# This file is automatically @generated by Cargo.
# It is not intended for manual editing.
version = 3

[[package]]
name = "forge-ai"
version = "0.0.0"

[[package]]
name = "forge-app-android"
version = "0.0.0"

[[package]]
name = "forge-app-desktop"
version = "0.0.0"

[[package]]
name = "forge-app-ios"
version = "0.0.0"

[[package]]
name = "forge-app-wasm"
version = "0.0.0"

[[package]]
name = "forge-arena"
version = "0.0.0"

[[package]]
name = "forge-cardc"
version = "0.0.0"

[[package]]
name = "forge-carddef"
version = "0.0.0"

[[package]]
name = "forge-cards"
version = "0.0.0"

[[package]]
name = "forge-cli"
version = "0.0.0"

[[package]]
name = "forge-core"
version = "0.0.0"

[[package]]
name = "forge-net"
version = "0.0.0"

[[package]]
name = "forge-porttools"
version = "0.0.0"

[[package]]
name = "forge-testkit"
version = "0.0.0"

[[package]]
name = "forge-ui"
version = "0.0.0"
